
Microsoft Visual Studio Solution File, Format Version 12.00
# Visual Studio 15
Project("{FAE04EC0-301F-11D3-BF4B-00C04F79EFBC}") = "Assembly-CSharp", "Assembly-CSharp.csproj", "{FBD38299-4B3D-CDB4-85EC-992705B74694}"
EndProject
Project("{FAE04EC0-301F-11D3-BF4B-00C04F79EFBC}") = "Assembly-CSharp-Editor", "Assembly-CSharp-Editor.csproj", "{587DF918-6947-AF3F-E00D-C24DCBB6DD94}"
EndProject
Global
	GlobalSection(SolutionConfigurationPlatforms) = preSolution
		Debug|Any CPU = Debug|Any CPU
		Release|Any CPU = Release|Any CPU
	EndGlobalSection
	GlobalSection(ProjectConfigurationPlatforms) = postSolution
		{FBD38299-4B3D-CDB4-85EC-992705B74694}.Debug|Any CPU.ActiveCfg = Debug|Any CPU
		{FBD38299-4B3D-CDB4-85EC-992705B74694}.Debug|Any CPU.Build.0 = Debug|Any CPU
		{FBD38299-4B3D-CDB4-85EC-992705B74694}.Release|Any CPU.ActiveCfg = Release|Any CPU
		{FBD38299-4B3D-CDB4-85EC-992705B74694}.Release|Any CPU.Build.0 = Release|Any CPU
		{587DF918-6947-AF3F-E00D-C24DCBB6DD94}.Debug|Any CPU.ActiveCfg = Debug|Any CPU
		{587DF918-6947-AF3F-E00D-C24DCBB6DD94}.Debug|Any CPU.Build.0 = Debug|Any CPU
		{587DF918-6947-AF3F-E00D-C24DCBB6DD94}.Release|Any CPU.ActiveCfg = Release|Any CPU
		{587DF918-6947-AF3F-E00D-C24DCBB6DD94}.Release|Any CPU.Build.0 = Release|Any CPU
	EndGlobalSection
	GlobalSection(SolutionProperties) = preSolution
		HideSolutionNode = FALSE
	EndGlobalSection
EndGlobal
